
Microsoft Visual Studio Solution File, Format Version 12.00
# Visual Studio Version 17
VisualStudioVersion = 17.11.35219.272
MinimumVisualStudioVersion = 10.0.40219.1
Project("{FAE04EC0-301F-11D3-BF4B-00C04F79EFBC}") = "Assesment_Soroco", "Assesment_Soroco\Assesment_Soroco.csproj", "{522C0442-19B4-4E0C-962C-8B0183790E7D}"
EndProject
Global
	GlobalSection(SolutionConfigurationPlatforms) = preSolution
		Debug|Any CPU = Debug|Any CPU
		Release|Any CPU = Release|Any CPU
	EndGlobalSection
	GlobalSection(ProjectConfigurationPlatforms) = postSolution
		{522C0442-19B4-4E0C-962C-8B0183790E7D}.Debug|Any CPU.ActiveCfg = Debug|Any CPU
		{522C0442-19B4-4E0C-962C-8B0183790E7D}.Debug|Any CPU.Build.0 = Debug|Any CPU
		{522C0442-19B4-4E0C-962C-8B0183790E7D}.Release|Any CPU.ActiveCfg = Release|Any CPU
		{522C0442-19B4-4E0C-962C-8B0183790E7D}.Release|Any CPU.Build.0 = Release|Any CPU
	EndGlobalSection
	GlobalSection(SolutionProperties) = preSolution
		HideSolutionNode = FALSE
	EndGlobalSection
	GlobalSection(ExtensibilityGlobals) = postSolution
		SolutionGuid = {43269DDD-5F40-4FA1-9D96-C5703BCF0540}
	EndGlobalSection
EndGlobal
